
Microsoft Visual Studio Solution File, Format Version 12.00
# Visual Studio Version 17
VisualStudioVersion = 17.9.34616.47
MinimumVisualStudioVersion = 10.0.40219.1
Project("{FAE04EC0-301F-11D3-BF4B-00C04F79EFBC}") = "Vehicle Rental Management System", "Vehicle Rental Management System.csproj", "{EBD38FA1-D255-443A-8DCF-9E6A943A7DD5}"
EndProject
Global
	GlobalSection(SolutionConfigurationPlatforms) = preSolution
		Debug|Any CPU = Debug|Any CPU
		Release|Any CPU = Release|Any CPU
	EndGlobalSection
	GlobalSection(ProjectConfigurationPlatforms) = postSolution
		{EBD38FA1-D255-443A-8DCF-9E6A943A7DD5}.Debug|Any CPU.ActiveCfg = Debug|Any CPU
		{EBD38FA1-D255-443A-8DCF-9E6A943A7DD5}.Debug|Any CPU.Build.0 = Debug|Any CPU
		{EBD38FA1-D255-443A-8DCF-9E6A943A7DD5}.Release|Any CPU.ActiveCfg = Release|Any CPU
		{EBD38FA1-D255-443A-8DCF-9E6A943A7DD5}.Release|Any CPU.Build.0 = Release|Any CPU
	EndGlobalSection
	GlobalSection(SolutionProperties) = preSolution
		HideSolutionNode = FALSE
	EndGlobalSection
	GlobalSection(ExtensibilityGlobals) = postSolution
		SolutionGuid = {74C9D889-AA0E-4766-BC39-CE17356924D4}
	EndGlobalSection
EndGlobal
